
Microsoft Visual Studio Solution File, Format Version 12.00
# Visual Studio 2013
VisualStudioVersion = 12.0.21005.1
MinimumVisualStudioVersion = 10.0.40219.1
Project("{FAE04EC0-301F-11D3-BF4B-00C04F79EFBC}") = "EersteTest", "EersteTest\EersteTest.csproj", "{375EE701-A6A4-4270-88C7-0778CF99F82B}"
EndProject
Project("{FAE04EC0-301F-11D3-BF4B-00C04F79EFBC}") = "EersteTest.Tests", "EersteTest.Tests\EersteTest.Tests.csproj", "{0A97F3C1-C630-465C-98E3-FFAECCDBCCC3}"
EndProject
Global
	GlobalSection(SolutionConfigurationPlatforms) = preSolution
		Debug|Any CPU = Debug|Any CPU
		Release|Any CPU = Release|Any CPU
	EndGlobalSection
	GlobalSection(ProjectConfigurationPlatforms) = postSolution
		{375EE701-A6A4-4270-88C7-0778CF99F82B}.Debug|Any CPU.ActiveCfg = Debug|Any CPU
		{375EE701-A6A4-4270-88C7-0778CF99F82B}.Debug|Any CPU.Build.0 = Debug|Any CPU
		{375EE701-A6A4-4270-88C7-0778CF99F82B}.Release|Any CPU.ActiveCfg = Release|Any CPU
		{375EE701-A6A4-4270-88C7-0778CF99F82B}.Release|Any CPU.Build.0 = Release|Any CPU
		{0A97F3C1-C630-465C-98E3-FFAECCDBCCC3}.Debug|Any CPU.ActiveCfg = Debug|Any CPU
		{0A97F3C1-C630-465C-98E3-FFAECCDBCCC3}.Debug|Any CPU.Build.0 = Debug|Any CPU
		{0A97F3C1-C630-465C-98E3-FFAECCDBCCC3}.Release|Any CPU.ActiveCfg = Release|Any CPU
		{0A97F3C1-C630-465C-98E3-FFAECCDBCCC3}.Release|Any CPU.Build.0 = Release|Any CPU
	EndGlobalSection
	GlobalSection(SolutionProperties) = preSolution
		HideSolutionNode = FALSE
	EndGlobalSection
EndGlobal
